
Microsoft Visual Studio Solution File, Format Version 12.00
# Visual Studio 15
VisualStudioVersion = 15.0.27004.2010
MinimumVisualStudioVersion = 10.0.40219.1
Project("{9092AA53-FB77-4645-B42D-1CCCA6BD08BD}") = "KokopelliCove", "KokopelliCove\KokopelliCove.njsproj", "{127930B0-A26A-4621-A4FD-6772ACA3EF08}"
EndProject
Global
	GlobalSection(SolutionConfigurationPlatforms) = preSolution
		Debug|Any CPU = Debug|Any CPU
		Release|Any CPU = Release|Any CPU
	EndGlobalSection
	GlobalSection(ProjectConfigurationPlatforms) = postSolution
		{127930B0-A26A-4621-A4FD-6772ACA3EF08}.Debug|Any CPU.ActiveCfg = Debug|Any CPU
		{127930B0-A26A-4621-A4FD-6772ACA3EF08}.Debug|Any CPU.Build.0 = Debug|Any CPU
		{127930B0-A26A-4621-A4FD-6772ACA3EF08}.Release|Any CPU.ActiveCfg = Release|Any CPU
		{127930B0-A26A-4621-A4FD-6772ACA3EF08}.Release|Any CPU.Build.0 = Release|Any CPU
	EndGlobalSection
	GlobalSection(SolutionProperties) = preSolution
		HideSolutionNode = FALSE
	EndGlobalSection
	GlobalSection(ExtensibilityGlobals) = postSolution
		SolutionGuid = {DDAECCC0-3875-48D8-BCA6-6DE9F8C3F4C3}
	EndGlobalSection
EndGlobal
